
Microsoft Visual Studio Solution File, Format Version 12.00
# Visual Studio 2012
Project("{FAE04EC0-301F-11D3-BF4B-00C04F79EFBC}") = "MathLibrary", "MathLibrary\MathLibrary.csproj", "{1D030AA0-26FB-46B8-ABFA-70783628AEF3}"
EndProject
Project("{FAE04EC0-301F-11D3-BF4B-00C04F79EFBC}") = "VeryBigProjectDOS", "VeryBigProjectDOS\VeryBigProjectDOS.csproj", "{593AFF94-1E58-48C6-BEC1-F62579C64078}"
EndProject
Project("{FAE04EC0-301F-11D3-BF4B-00C04F79EFBC}") = "EncryptionLibrary", "EncryptionLibrary\EncryptionLibrary.csproj", "{F84AE70D-364C-4DA1-B19E-D284801CD063}"
EndProject
Global
	GlobalSection(SolutionConfigurationPlatforms) = preSolution
		Debug|Any CPU = Debug|Any CPU
		Release|Any CPU = Release|Any CPU
	EndGlobalSection
	GlobalSection(ProjectConfigurationPlatforms) = postSolution
		{1D030AA0-26FB-46B8-ABFA-70783628AEF3}.Debug|Any CPU.ActiveCfg = Debug|Any CPU
		{1D030AA0-26FB-46B8-ABFA-70783628AEF3}.Debug|Any CPU.Build.0 = Debug|Any CPU
		{1D030AA0-26FB-46B8-ABFA-70783628AEF3}.Release|Any CPU.ActiveCfg = Release|Any CPU
		{1D030AA0-26FB-46B8-ABFA-70783628AEF3}.Release|Any CPU.Build.0 = Release|Any CPU
		{593AFF94-1E58-48C6-BEC1-F62579C64078}.Debug|Any CPU.ActiveCfg = Debug|Any CPU
		{593AFF94-1E58-48C6-BEC1-F62579C64078}.Debug|Any CPU.Build.0 = Debug|Any CPU
		{593AFF94-1E58-48C6-BEC1-F62579C64078}.Release|Any CPU.ActiveCfg = Release|Any CPU
		{593AFF94-1E58-48C6-BEC1-F62579C64078}.Release|Any CPU.Build.0 = Release|Any CPU
		{F84AE70D-364C-4DA1-B19E-D284801CD063}.Debug|Any CPU.ActiveCfg = Debug|Any CPU
		{F84AE70D-364C-4DA1-B19E-D284801CD063}.Debug|Any CPU.Build.0 = Debug|Any CPU
		{F84AE70D-364C-4DA1-B19E-D284801CD063}.Release|Any CPU.ActiveCfg = Release|Any CPU
		{F84AE70D-364C-4DA1-B19E-D284801CD063}.Release|Any CPU.Build.0 = Release|Any CPU
	EndGlobalSection
	GlobalSection(SolutionProperties) = preSolution
		HideSolutionNode = FALSE
	EndGlobalSection
EndGlobal
